
Microsoft Visual Studio Solution File, Format Version 12.00
# Visual Studio 14
VisualStudioVersion = 14.0.25420.1
MinimumVisualStudioVersion = 10.0.40219.1
Project("{FAE04EC0-301F-11D3-BF4B-00C04F79EFBC}") = "ClothingStore.Api", "ClothingStore.Api\ClothingStore.Api.csproj", "{1A5BB37A-3AD6-49A2-8145-D9AC570C6A7E}"
EndProject
Project("{FAE04EC0-301F-11D3-BF4B-00C04F79EFBC}") = "ClothingStore.Api.Tests", "ClothingStore.Api.Tests\ClothingStore.Api.Tests.csproj", "{74162809-7586-497F-9F94-3554E9B2E8CD}"
EndProject
Global
	GlobalSection(SolutionConfigurationPlatforms) = preSolution
		Debug|Any CPU = Debug|Any CPU
		Release|Any CPU = Release|Any CPU
	EndGlobalSection
	GlobalSection(ProjectConfigurationPlatforms) = postSolution
		{1A5BB37A-3AD6-49A2-8145-D9AC570C6A7E}.Debug|Any CPU.ActiveCfg = Debug|Any CPU
		{1A5BB37A-3AD6-49A2-8145-D9AC570C6A7E}.Debug|Any CPU.Build.0 = Debug|Any CPU
		{1A5BB37A-3AD6-49A2-8145-D9AC570C6A7E}.Release|Any CPU.ActiveCfg = Release|Any CPU
		{1A5BB37A-3AD6-49A2-8145-D9AC570C6A7E}.Release|Any CPU.Build.0 = Release|Any CPU
		{74162809-7586-497F-9F94-3554E9B2E8CD}.Debug|Any CPU.ActiveCfg = Debug|Any CPU
		{74162809-7586-497F-9F94-3554E9B2E8CD}.Debug|Any CPU.Build.0 = Debug|Any CPU
		{74162809-7586-497F-9F94-3554E9B2E8CD}.Release|Any CPU.ActiveCfg = Release|Any CPU
		{74162809-7586-497F-9F94-3554E9B2E8CD}.Release|Any CPU.Build.0 = Release|Any CPU
	EndGlobalSection
	GlobalSection(SolutionProperties) = preSolution
		HideSolutionNode = FALSE
	EndGlobalSection
EndGlobal
